Microsoft Visual Studio Solution File, Format Version 11.00
# Visual Studio 2008

Project("{3BFF3188-2309-6FE2-3A8C-396AAD3D01C3}") = "SDHack_balldrop3", "Assembly-CSharp-firstpass.csproj", "{3DC67F2F-5362-3259-8143-2CCA767EF1CB}"
EndProject
Project("{3BFF3188-2309-6FE2-3A8C-396AAD3D01C3}") = "SDHack_balldrop3", "Assembly-CSharp.csproj", "{66CA805B-0B60-0C91-0752-AA67D7295A45}"
EndProject
Project("{3BFF3188-2309-6FE2-3A8C-396AAD3D01C3}") = "SDHack_balldrop3", "Assembly-CSharp-Editor.csproj", "{A252AA05-1DB8-2772-A34F-A1FDB958B8FD}"
EndProject
Global
	GlobalSection(SolutionConfigurationPlatforms) = preSolution
		Debug|Any CPU = Debug|Any CPU
		Release|Any CPU = Release|Any CPU
	EndGlobalSection
	GlobalSection(ProjectConfigurationPlatforms) = postSolution
		{3DC67F2F-5362-3259-8143-2CCA767EF1CB}.Debug|Any CPU.ActiveCfg = Debug|Any CPU
		{3DC67F2F-5362-3259-8143-2CCA767EF1CB}.Debug|Any CPU.Build.0 = Debug|Any CPU
		{3DC67F2F-5362-3259-8143-2CCA767EF1CB}.Release|Any CPU.ActiveCfg = Release|Any CPU
		{3DC67F2F-5362-3259-8143-2CCA767EF1CB}.Release|Any CPU.Build.0 = Release|Any CPU
		{66CA805B-0B60-0C91-0752-AA67D7295A45}.Debug|Any CPU.ActiveCfg = Debug|Any CPU
		{66CA805B-0B60-0C91-0752-AA67D7295A45}.Debug|Any CPU.Build.0 = Debug|Any CPU
		{66CA805B-0B60-0C91-0752-AA67D7295A45}.Release|Any CPU.ActiveCfg = Release|Any CPU
		{66CA805B-0B60-0C91-0752-AA67D7295A45}.Release|Any CPU.Build.0 = Release|Any CPU
		{A252AA05-1DB8-2772-A34F-A1FDB958B8FD}.Debug|Any CPU.ActiveCfg = Debug|Any CPU
		{A252AA05-1DB8-2772-A34F-A1FDB958B8FD}.Debug|Any CPU.Build.0 = Debug|Any CPU
		{A252AA05-1DB8-2772-A34F-A1FDB958B8FD}.Release|Any CPU.ActiveCfg = Release|Any CPU
		{A252AA05-1DB8-2772-A34F-A1FDB958B8FD}.Release|Any CPU.Build.0 = Release|Any CPU
	EndGlobalSection
	GlobalSection(SolutionProperties) = preSolution
		HideSolutionNode = FALSE
	EndGlobalSection
																																																																																																		GlobalSection(MonoDevelopProperties) = preSolution
		StartupItem = Assembly-CSharp.csproj
		Policies = $0
		$0.TextStylePolicy = $1
		$1.inheritsSet = null
		$1.scope = text/x-csharp
		$0.CSharpFormattingPolicy = $2
		$2.inheritsSet = Mono
		$2.inheritsScope = text/x-csharp
		$2.scope = text/x-csharp
		$0.TextStylePolicy = $3
		$3.FileWidth = 120
		$3.TabWidth = 4
		$3.IndentWidth = 4
		$3.EolMarker = Unix
		$3.inheritsSet = Mono
		$3.inheritsScope = text/plain
		$3.scope = text/plain
	EndGlobalSection

EndGlobal
