Microsoft Visual Studio Solution File, Format Version 11.00
# Visual Studio 2008

Project("{C95E1BF3-5442-3250-FBBE-B96CF351ECD8}") = "SDHack_balldrop", "Assembly-CSharp-firstpass.csproj", "{CD85BEB4-7C6B-3B2B-DFB4-2979EE757163}"
EndProject
Project("{C95E1BF3-5442-3250-FBBE-B96CF351ECD8}") = "SDHack_balldrop", "Assembly-CSharp.csproj", "{9DA2C441-0810-47BB-0240-52EBD1CAC819}"
EndProject
Project("{C95E1BF3-5442-3250-FBBE-B96CF351ECD8}") = "SDHack_balldrop", "Assembly-CSharp-Editor.csproj", "{CA16FFF6-026D-DC07-AE21-A35BE529C590}"
EndProject
Global
	GlobalSection(SolutionConfigurationPlatforms) = preSolution
		Debug|Any CPU = Debug|Any CPU
		Release|Any CPU = Release|Any CPU
	EndGlobalSection
	GlobalSection(ProjectConfigurationPlatforms) = postSolution
		{CD85BEB4-7C6B-3B2B-DFB4-2979EE757163}.Debug|Any CPU.ActiveCfg = Debug|Any CPU
		{CD85BEB4-7C6B-3B2B-DFB4-2979EE757163}.Debug|Any CPU.Build.0 = Debug|Any CPU
		{CD85BEB4-7C6B-3B2B-DFB4-2979EE757163}.Release|Any CPU.ActiveCfg = Release|Any CPU
		{CD85BEB4-7C6B-3B2B-DFB4-2979EE757163}.Release|Any CPU.Build.0 = Release|Any CPU
		{9DA2C441-0810-47BB-0240-52EBD1CAC819}.Debug|Any CPU.ActiveCfg = Debug|Any CPU
		{9DA2C441-0810-47BB-0240-52EBD1CAC819}.Debug|Any CPU.Build.0 = Debug|Any CPU
		{9DA2C441-0810-47BB-0240-52EBD1CAC819}.Release|Any CPU.ActiveCfg = Release|Any CPU
		{9DA2C441-0810-47BB-0240-52EBD1CAC819}.Release|Any CPU.Build.0 = Release|Any CPU
		{CA16FFF6-026D-DC07-AE21-A35BE529C590}.Debug|Any CPU.ActiveCfg = Debug|Any CPU
		{CA16FFF6-026D-DC07-AE21-A35BE529C590}.Debug|Any CPU.Build.0 = Debug|Any CPU
		{CA16FFF6-026D-DC07-AE21-A35BE529C590}.Release|Any CPU.ActiveCfg = Release|Any CPU
		{CA16FFF6-026D-DC07-AE21-A35BE529C590}.Release|Any CPU.Build.0 = Release|Any CPU
	EndGlobalSection
	GlobalSection(SolutionProperties) = preSolution
		HideSolutionNode = FALSE
	EndGlobalSection
																											GlobalSection(MonoDevelopProperties) = preSolution
		StartupItem = Assembly-CSharp.csproj
		Policies = $0
		$0.TextStylePolicy = $1
		$1.inheritsSet = null
		$1.scope = text/x-csharp
		$0.CSharpFormattingPolicy = $2
		$2.inheritsSet = Mono
		$2.inheritsScope = text/x-csharp
		$2.scope = text/x-csharp
		$0.TextStylePolicy = $3
		$3.FileWidth = 120
		$3.TabWidth = 4
		$3.IndentWidth = 4
		$3.EolMarker = Unix
		$3.inheritsSet = Mono
		$3.inheritsScope = text/plain
		$3.scope = text/plain
	EndGlobalSection

EndGlobal
